// !$*UTF8*$!
{
	archiveVersion = 1;
	classes = {
	};
	objectVersion = 50;
	objects = {

/* Begin PBXBuildFile section */
		841347F626C2CBAE00042F7D /* Vampire Toucan.jpg in Resources */ = {isa = PBXBuildFile; fileRef = 841347F526C2CBAE00042F7D /* Vampire Toucan.jpg */; };
		8425462726C4FAC600F02AC7 /* ScrollView.swift in Sources */ = {isa = PBXBuildFile; fileRef = 8425462626C4FAC600F02AC7 /* ScrollView.swift */; };
		84EA21C426BFB280007AF8AB /* AppDelegate.swift in Sources */ = {isa = PBXBuildFile; fileRef = 84EA21C326BFB280007AF8AB /* AppDelegate.swift */; };
		84EA21C626BFB280007AF8AB /* SceneDelegate.swift in Sources */ = {isa = PBXBuildFile; fileRef = 84EA21C526BFB280007AF8AB /* SceneDelegate.swift */; };
		84EA21C826BFB280007AF8AB /* ViewController.swift in Sources */ = {isa = PBXBuildFile; fileRef = 84EA21C726BFB280007AF8AB /* ViewController.swift */; };
		84EA21CD26BFB290007AF8AB /* Assets.xcassets in Resources */ = {isa = PBXBuildFile; fileRef = 84EA21CC26BFB290007AF8AB /* Assets.xcassets */; };
		84EA21D026BFB290007AF8AB /* LaunchScreen.storyboard in Resources */ = {isa = PBXBuildFile; fileRef = 84EA21CE26BFB290007AF8AB /* LaunchScreen.storyboard */; };
/* End PBXBuildFile section */

/* Begin PBXFileReference section */
		841347F526C2CBAE00042F7D /* Vampire Toucan.jpg */ = {isa = PBXFileReference; lastKnownFileType = image.jpeg; path = "Vampire Toucan.jpg"; sourceTree = "<group>"; };
		8425462626C4FAC600F02AC7 /* ScrollView.swift */ = {isa = PBXFileReference; lastKnownFileType = sourcecode.swift; path = ScrollView.swift; sourceTree = "<group>"; };
		84EA21C026BFB280007AF8AB /* RenderingCycleTests.app */ = {isa = PBXFileReference; explicitFileType = wrapper.application; includeInIndex = 0; path = RenderingCycleTests.app; sourceTree = BUILT_PRODUCTS_DIR; };
		84EA21C326BFB280007AF8AB /* AppDelegate.swift */ = {isa = PBXFileReference; lastKnownFileType = sourcecode.swift; path = AppDelegate.swift; sourceTree = "<group>"; };
		84EA21C526BFB280007AF8AB /* SceneDelegate.swift */ = {isa = PBXFileReference; lastKnownFileType = sourcecode.swift; path = SceneDelegate.swift; sourceTree = "<group>"; };
		84EA21C726BFB280007AF8AB /* ViewController.swift */ = {isa = PBXFileReference; lastKnownFileType = sourcecode.swift; path = ViewController.swift; sourceTree = "<group>"; };
		84EA21CC26BFB290007AF8AB /* Assets.xcassets */ = {isa = PBXFileReference; lastKnownFileType = folder.assetcatalog; path = Assets.xcassets; sourceTree = "<group>"; };
		84EA21CF26BFB290007AF8AB /* Base */ = {isa = PBXFileReference; lastKnownFileType = file.storyboard; name = Base; path = Base.lproj/LaunchScreen.storyboard; sourceTree = "<group>"; };
		84EA21D126BFB290007AF8AB /* Info.plist */ = {isa = PBXFileReference; lastKnownFileType = text.plist.xml; path = Info.plist; sourceTree = "<group>"; };
/* End PBXFileReference section */

/* Begin PBXFrameworksBuildPhase section */
		84EA21BD26BFB280007AF8AB /* Frameworks */ = {
			isa = PBXFrameworksBuildPhase;
			buildActionMask = 2147483647;
			files = (
			);
			runOnlyForDeploymentPostprocessing = 0;
		};
/* End PBXFrameworksBuildPhase section */

/* Begin PBXGroup section */
		84EA21B726BFB280007AF8AB = {
			isa = PBXGroup;
			children = (
				84EA21C226BFB280007AF8AB /* RenderingCycleTests */,
				84EA21C126BFB280007AF8AB /* Products */,
			);
			sourceTree = "<group>";
		};
		84EA21C126BFB280007AF8AB /* Products */ = {
			isa = PBXGroup;
			children = (
				84EA21C026BFB280007AF8AB /* RenderingCycleTests.app */,
			);
			name = Products;
			sourceTree = "<group>";
		};
		84EA21C226BFB280007AF8AB /* RenderingCycleTests */ = {
			isa = PBXGroup;
			children = (
				841347F526C2CBAE00042F7D /* Vampire Toucan.jpg */,
				84EA21C326BFB280007AF8AB /* AppDelegate.swift */,
				84EA21C526BFB280007AF8AB /* SceneDelegate.swift */,
				84EA21C726BFB280007AF8AB /* ViewController.swift */,
				84EA21CC26BFB290007AF8AB /* Assets.xcassets */,
				84EA21CE26BFB290007AF8AB /* LaunchScreen.storyboard */,
				84EA21D126BFB290007AF8AB /* Info.plist */,
				8425462626C4FAC600F02AC7 /* ScrollView.swift */,
			);
			path = RenderingCycleTests;
			sourceTree = "<group>";
		};
/* End PBXGroup section */

/* Begin PBXNativeTarget section */
		84EA21BF26BFB280007AF8AB /* RenderingCycleTests */ = {
			isa = PBXNativeTarget;
			buildConfigurationList = 84EA21D426BFB290007AF8AB /* Build configuration list for PBXNativeTarget "RenderingCycleTests" */;
			buildPhases = (
				84EA21BC26BFB280007AF8AB /* Sources */,
				84EA21BD26BFB280007AF8AB /* Frameworks */,
				84EA21BE26BFB280007AF8AB /* Resources */,
			);
			buildRules = (
			);
			dependencies = (
			);
			name = RenderingCycleTests;
			productName = RenderingCycleTests;
			productReference = 84EA21C026BFB280007AF8AB /* RenderingCycleTests.app */;
			productType = "com.apple.product-type.application";
		};
/* End PBXNativeTarget section */

/* Begin PBXProject section */
		84EA21B826BFB280007AF8AB /* Project object */ = {
			isa = PBXProject;
			attributes = {
				LastSwiftUpdateCheck = 1250;
				LastUpgradeCheck = 1250;
				TargetAttributes = {
					84EA21BF26BFB280007AF8AB = {
						CreatedOnToolsVersion = 12.5.1;
					};
				};
			};
			buildConfigurationList = 84EA21BB26BFB280007AF8AB /* Build configuration list for PBXProject "RenderingCycleTests" */;
			compatibilityVersion = "Xcode 9.3";
			developmentRegion = en;
			hasScannedForEncodings = 0;
			knownRegions = (
				en,
				Base,
			);
			mainGroup = 84EA21B726BFB280007AF8AB;
			productRefGroup = 84EA21C126BFB280007AF8AB /* Products */;
			projectDirPath = "";
			projectRoot = "";
			targets = (
				84EA21BF26BFB280007AF8AB /* RenderingCycleTests */,
			);
		};
/* End PBXProject section */

/* Begin PBXResourcesBuildPhase section */
		84EA21BE26BFB280007AF8AB /* Resources */ = {
			isa = PBXResourcesBuildPhase;
			buildActionMask = 2147483647;
			files = (
				84EA21D026BFB290007AF8AB /* LaunchScreen.storyboard in Resources */,
				84EA21CD26BFB290007AF8AB /* Assets.xcassets in Resources */,
				841347F626C2CBAE00042F7D /* Vampire Toucan.jpg in Resources */,
			);
			runOnlyForDeploymentPostprocessing = 0;
		};
/* End PBXResourcesBuildPhase section */

/* Begin PBXSourcesBuildPhase section */
		84EA21BC26BFB280007AF8AB /* Sources */ = {
			isa = PBXSourcesBuildPhase;
			buildActionMask = 2147483647;
			files = (
				84EA21C826BFB280007AF8AB /* ViewController.swift in Sources */,
				8425462726C4FAC600F02AC7 /* ScrollView.swift in Sources */,
				84EA21C426BFB280007AF8AB /* AppDelegate.swift in Sources */,
				84EA21C626BFB280007AF8AB /* SceneDelegate.swift in Sources */,
			);
			runOnlyForDeploymentPostprocessing = 0;
		};
/* End PBXSourcesBuildPhase section */

/* Begin PBXVariantGroup section */
		84EA21CE26BFB290007AF8AB /* LaunchScreen.storyboard */ = {
			isa = PBXVariantGroup;
			children = (
				84EA21CF26BFB290007AF8AB /* Base */,
			);
			name = LaunchScreen.storyboard;
			sourceTree = "<group>";
		};
/* End PBXVariantGroup section */

/* Begin XCBuildConfiguration section */
		84EA21D226BFB290007AF8AB /* Debug */ = {
			isa = XCBuildConfiguration;
			buildSettings = {
				ALWAYS_SEARCH_USER_PATHS = NO;
				CLANG_ANALYZER_NONNULL = YES;
				CLANG_ANALYZER_NUMBER_OBJECT_CONVERSION = YES_AGGRESSIVE;
				CLANG_CXX_LANGUAGE_STANDARD = "gnu++14";
				CLANG_CXX_LIBRARY = "libc++";
				CLANG_ENABLE_MODULES = YES;
				CLANG_ENABLE_OBJC_ARC = YES;
				CLANG_ENABLE_OBJC_WEAK = YES;
				CLANG_WARN_BLOCK_CAPTURE_AUTORELEASING = YES;
				CLANG_WARN_BOOL_CONVERSION = YES;
				CLANG_WARN_COMMA = YES;
				CLANG_WARN_CONSTANT_CONVERSION = YES;
				CLANG_WARN_DEPRECATED_OBJC_IMPLEMENTATIONS = YES;
				CLANG_WARN_DIRECT_OBJC_ISA_USAGE = YES_ERROR;
				CLANG_WARN_DOCUMENTATION_COMMENTS = YES;
				CLANG_WARN_EMPTY_BODY = YES;
				CLANG_WARN_ENUM_CONVERSION = YES;
				CLANG_WARN_INFINITE_RECURSION = YES;
				CLANG_WARN_INT_CONVERSION = YES;
				CLANG_WARN_NON_LITERAL_NULL_CONVERSION = YES;
				CLANG_WARN_OBJC_IMPLICIT_RETAIN_SELF = YES;
				CLANG_WARN_OBJC_LITERAL_CONVERSION = YES;
				CLANG_WARN_OBJC_ROOT_CLASS = YES_ERROR;
				CLANG_WARN_QUOTED_INCLUDE_IN_FRAMEWORK_HEADER = YES;
				CLANG_WARN_RANGE_LOOP_ANALYSIS = YES;
				CLANG_WARN_STRICT_PROTOTYPES = YES;
				CLANG_WARN_SUSPICIOUS_MOVE = YES;
				CLANG_WARN_UNGUARDED_AVAILABILITY = YES_AGGRESSIVE;
				CLANG_WARN_UNREACHABLE_CODE = YES;
				CLANG_WARN__DUPLICATE_METHOD_MATCH = YES;
				COPY_PHASE_STRIP = NO;
				DEBUG_INFORMATION_FORMAT = dwarf;
				ENABLE_STRICT_OBJC_MSGSEND = YES;
				ENABLE_TESTABILITY = YES;
				GCC_C_LANGUAGE_STANDARD = gnu11;
				GCC_DYNAMIC_NO_PIC = NO;
				GCC_NO_COMMON_BLOCKS = YES;
				GCC_OPTIMIZATION_LEVEL = 0;
				GCC_PREPROCESSOR_DEFINITIONS = (
					"DEBUG=1",
					"$(inherited)",
				);
				GCC_WARN_64_TO_32_BIT_CONVERSION = YES;
				GCC_WARN_ABOUT_RETURN_TYPE = YES_ERROR;
				GCC_WARN_UNDECLARED_SELECTOR = YES;
				GCC_WARN_UNINITIALIZED_AUTOS = YES_AGGRESSIVE;
				GCC_WARN_UNUSED_FUNCTION = YES;
				GCC_WARN_UNUSED_VARIABLE = YES;
				IPHONEOS_DEPLOYMENT_TARGET = 14.5;
				MTL_ENABLE_DEBUG_INFO = INCLUDE_SOURCE;
				MTL_FAST_MATH = YES;
				ONLY_ACTIVE_ARCH = YES;
				SDKROOT = iphoneos;
				SWIFT_ACTIVE_COMPILATION_CONDITIONS = DEBUG;
				SWIFT_OPTIMIZATION_LEVEL = "-Onone";
			};
			name = Debug;
		};
		84EA21D326BFB290007AF8AB /* Release */ = {
			isa = XCBuildConfiguration;
			buildSettings = {
				ALWAYS_SEARCH_USER_PATHS = NO;
				CLANG_ANALYZER_NONNULL = YES;
				CLANG_ANALYZER_NUMBER_OBJECT_CONVERSION = YES_AGGRESSIVE;
				CLANG_CXX_LANGUAGE_STANDARD = "gnu++14";
				CLANG_CXX_LIBRARY = "libc++";
				CLANG_ENABLE_MODULES = YES;
				CLANG_ENABLE_OBJC_ARC = YES;
				CLANG_ENABLE_OBJC_WEAK = YES;
				CLANG_WARN_BLOCK_CAPTURE_AUTORELEASING = YES;
				CLANG_WARN_BOOL_CONVERSION = YES;
				CLANG_WARN_COMMA = YES;
				CLANG_WARN_CONSTANT_CONVERSION = YES;
				CLANG_WARN_DEPRECATED_OBJC_IMPLEMENTATIONS = YES;
				CLANG_WARN_DIRECT_OBJC_ISA_USAGE = YES_ERROR;
				CLANG_WARN_DOCUMENTATION_COMMENTS = YES;
				CLANG_WARN_EMPTY_BODY = YES;
				CLANG_WARN_ENUM_CONVERSION = YES;
				CLANG_WARN_INFINITE_RECURSION = YES;
				CLANG_WARN_INT_CONVERSION = YES;
				CLANG_WARN_NON_LITERAL_NULL_CONVERSION = YES;
				CLANG_WARN_OBJC_IMPLICIT_RETAIN_SELF = YES;
				CLANG_WARN_OBJC_LITERAL_CONVERSION = YES;
				CLANG_WARN_OBJC_ROOT_CLASS = YES_ERROR;
				CLANG_WARN_QUOTED_INCLUDE_IN_FRAMEWORK_HEADER = YES;
				CLANG_WARN_RANGE_LOOP_ANALYSIS = YES;
				CLANG_WARN_STRICT_PROTOTYPES = YES;
				CLANG_WARN_SUSPICIOUS_MOVE = YES;
				CLANG_WARN_UNGUARDED_AVAILABILITY = YES_AGGRESSIVE;
				CLANG_WARN_UNREACHABLE_CODE = YES;
				CLANG_WARN__DUPLICATE_METHOD_MATCH = YES;
				COPY_PHASE_STRIP = NO;
				DEBUG_INFORMATION_FORMAT = "dwarf-with-dsym";
				ENABLE_NS_ASSERTIONS = NO;
				ENABLE_STRICT_OBJC_MSGSEND = YES;
				GCC_C_LANGUAGE_STANDARD = gnu11;
				GCC_NO_COMMON_BLOCKS = YES;
				GCC_WARN_64_TO_32_BIT_CONVERSION = YES;
				GCC_WARN_ABOUT_RETURN_TYPE = YES_ERROR;
				GCC_WARN_UNDECLARED_SELECTOR = YES;
				GCC_WARN_UNINITIALIZED_AUTOS = YES_AGGRESSIVE;
				GCC_WARN_UNUSED_FUNCTION = YES;
				GCC_WARN_UNUSED_VARIABLE = YES;
				IPHONEOS_DEPLOYMENT_TARGET = 14.5;
				MTL_ENABLE_DEBUG_INFO = NO;
				MTL_FAST_MATH = YES;
				SDKROOT = iphoneos;
				SWIFT_COMPILATION_MODE = wholemodule;
				SWIFT_OPTIMIZATION_LEVEL = "-O";
				VALIDATE_PRODUCT = YES;
			};
			name = Release;
		};
		84EA21D526BFB290007AF8AB /* Debug */ = {
			isa = XCBuildConfiguration;
			buildSettings = {
				ASSETCATALOG_COMPILER_APPICON_NAME = AppIcon;
				ASSETCATALOG_COMPILER_GLOBAL_ACCENT_COLOR_NAME = AccentColor;
				CODE_SIGN_STYLE = Automatic;
				DEVELOPMENT_TEAM = K4FDR4N6T3;
				INFOPLIST_FILE = RenderingCycleTests/Info.plist;
				LD_RUNPATH_SEARCH_PATHS = (
					"$(inherited)",
					"@executable_path/Frameworks",
				);
				PRODUCT_BUNDLE_IDENTIFIER = TrainingInCoding.RenderingCycleTests;
				PRODUCT_NAME = "$(TARGET_NAME)";
				SWIFT_VERSION = 5.0;
				TARGETED_DEVICE_FAMILY = "1,2";
			};
			name = Debug;
		};
		84EA21D626BFB290007AF8AB /* Release */ = {
			isa = XCBuildConfiguration;
			buildSettings = {
				ASSETCATALOG_COMPILER_APPICON_NAME = AppIcon;
				ASSETCATALOG_COMPILER_GLOBAL_ACCENT_COLOR_NAME = AccentColor;
				CODE_SIGN_STYLE = Automatic;
				DEVELOPMENT_TEAM = K4FDR4N6T3;
				INFOPLIST_FILE = RenderingCycleTests/Info.plist;
				LD_RUNPATH_SEARCH_PATHS = (
					"$(inherited)",
					"@executable_path/Frameworks",
				);
				PRODUCT_BUNDLE_IDENTIFIER = TrainingInCoding.RenderingCycleTests;
				PRODUCT_NAME = "$(TARGET_NAME)";
				SWIFT_VERSION = 5.0;
				TARGETED_DEVICE_FAMILY = "1,2";
			};
			name = Release;
		};
/* End XCBuildConfiguration section */

/* Begin XCConfigurationList section */
		84EA21BB26BFB280007AF8AB /* Build configuration list for PBXProject "RenderingCycleTests" */ = {
			isa = XCConfigurationList;
			buildConfigurations = (
				84EA21D226BFB290007AF8AB /* Debug */,
				84EA21D326BFB290007AF8AB /* Release */,
			);
			defaultConfigurationIsVisible = 0;
			defaultConfigurationName = Release;
		};
		84EA21D426BFB290007AF8AB /* Build configuration list for PBXNativeTarget "RenderingCycleTests" */ = {
			isa = XCConfigurationList;
			buildConfigurations = (
				84EA21D526BFB290007AF8AB /* Debug */,
				84EA21D626BFB290007AF8AB /* Release */,
			);
			defaultConfigurationIsVisible = 0;
			defaultConfigurationName = Release;
		};
/* End XCConfigurationList section */
	};
	rootObject = 84EA21B826BFB280007AF8AB /* Project object */;
}
